PODS:
  - Flutter (1.0.0)
  - flutter_passkey (1.0.2):
    - Flutter

DEPENDENCIES:
  - Flutter (from `Flutter`)
  - flutter_passkey (from `.symlinks/plugins/flutter_passkey/ios`)

EXTERNAL SOURCES:
  Flutter:
    :path: Flutter
  flutter_passkey:
    :path: ".symlinks/plugins/flutter_passkey/ios"

SPEC CHECKSUMS:
  Flutter: f04841e97a9d0b0a8025694d0796dd46242b2854
  flutter_passkey: c980d00292d7387b90ff8b4b6a50aa6bb809de6a

PODFILE CHECKSUM: 57c8aed26fba39d3ec9424816221f294a07c58eb

COCOAPODS: 1.11.3
